{
  "version": 4,
  "terraform_version": "1.3.3",
  "serial": 12,
  "lineage": "31fb384e-75dd-0522-f4a0-98f1ed92eb36",
  "outputs": {
    "All": {
      "value": {
        "address_space": [
          "172.16.0.0/16"
        ],
        "allocation_method": "Static",
        "gateway_subnet_address_prefixes": [
          "172.16.0.0/24"
        ],
        "public_ip_name": "Snake-PublicIP",
        "resource_group_name": "Snake-d8a8cd640202fe1a-RG",
        "subnet_address_prefixes": [
          "172.16.100.0/24"
        ],
        "subnet_name": "SnakeSubnet",
        "virtual_network_name": "Snake-Vnet"
      },
      "type": [
        "object",
        {
          "address_space": [
            "list",
            "string"
          ],
          "allocation_method": "string",
          "gateway_subnet_address_prefixes": [
            "list",
            "string"
          ],
          "public_ip_name": "string",
          "resource_group_name": "string",
          "subnet_address_prefixes": [
            "list",
            "string"
          ],
          "subnet_name": "string",
          "virtual_network_name": "string"
        }
      ]
    }
  },
  "resources": [
    {
      "mode": "managed",
      "type": "azurerm_public_ip",
      "name": "public-ip",
      "provider": "provider[\"registry.terraform.io/hashicorp/azurerm\"]",
      "instances": [
        {
          "schema_version": 0,
          "attributes": {
            "allocation_method": "Static",
            "domain_name_label": null,
            "edge_zone": "",
            "fqdn": null,
            "id": "/subscriptions/28a1f1ee-f8c2-4cf4-84fd-eea19bbda441/resourceGroups/Snake-d8a8cd640202fe1a-RG/providers/Microsoft.Network/publicIPAddresses/Snake-PublicIP",
            "idle_timeout_in_minutes": 4,
            "ip_address": "20.10.9.114",
            "ip_tags": null,
            "ip_version": "IPv4",
            "location": "eastus2",
            "name": "Snake-PublicIP",
            "public_ip_prefix_id": null,
            "resource_group_name": "Snake-d8a8cd640202fe1a-RG",
            "reverse_fqdn": null,
            "sku": "Basic",
            "sku_tier": "Regional",
            "tags": null,
            "timeouts": null,
            "zones": null
          },
          "sensitive_attributes": [],
          "private": "eyJlMmJmYjczMC1lY2FhLTExZTYtOGY4OC0zNDM2M2JjN2M0YzAiOnsiY3JlYXRlIjoxODAwMDAwMDAwMDAwLCJkZWxldGUiOjE4MDAwMDAwMDAwMDAsInJlYWQiOjMwMDAwMDAwMDAwMCwidXBkYXRlIjoxODAwMDAwMDAwMDAwfX0=",
          "dependencies": [
            "azurerm_resource_group.resource-group",
            "random_id.resource-name"
          ]
        }
      ]
    },
    {
      "mode": "managed",
      "type": "azurerm_resource_group",
      "name": "resource-group",
      "provider": "provider[\"registry.terraform.io/hashicorp/azurerm\"]",
      "instances": [
        {
          "schema_version": 0,
          "attributes": {
            "id": "/subscriptions/28a1f1ee-f8c2-4cf4-84fd-eea19bbda441/resourceGroups/Snake-d8a8cd640202fe1a-RG",
            "location": "eastus2",
            "name": "Snake-d8a8cd640202fe1a-RG",
            "tags": {},
            "timeouts": null
          },
          "sensitive_attributes": [],
          "private": "eyJlMmJmYjczMC1lY2FhLTExZTYtOGY4OC0zNDM2M2JjN2M0YzAiOnsiY3JlYXRlIjo1NDAwMDAwMDAwMDAwLCJkZWxldGUiOjU0MDAwMDAwMDAwMDAsInJlYWQiOjMwMDAwMDAwMDAwMCwidXBkYXRlIjo1NDAwMDAwMDAwMDAwfX0=",
          "dependencies": [
            "random_id.resource-name"
          ]
        }
      ]
    },
    {
      "mode": "managed",
      "type": "azurerm_subnet",
      "name": "gateway-subnet",
      "provider": "provider[\"registry.terraform.io/hashicorp/azurerm\"]",
      "instances": [
        {
          "schema_version": 0,
          "attributes": {
            "address_prefixes": [
              "172.16.0.0/24"
            ],
            "delegation": [],
            "enforce_private_link_endpoint_network_policies": false,
            "enforce_private_link_service_network_policies": false,
            "id": "/subscriptions/28a1f1ee-f8c2-4cf4-84fd-eea19bbda441/resourceGroups/Snake-d8a8cd640202fe1a-RG/providers/Microsoft.Network/virtualNetworks/Snake-Vnet/subnets/GatewaySubnet",
            "name": "GatewaySubnet",
            "resource_group_name": "Snake-d8a8cd640202fe1a-RG",
            "service_endpoint_policy_ids": null,
            "service_endpoints": null,
            "timeouts": null,
            "virtual_network_name": "Snake-Vnet"
          },
          "sensitive_attributes": [],
          "private": "eyJlMmJmYjczMC1lY2FhLTExZTYtOGY4OC0zNDM2M2JjN2M0YzAiOnsiY3JlYXRlIjoxODAwMDAwMDAwMDAwLCJkZWxldGUiOjE4MDAwMDAwMDAwMDAsInJlYWQiOjMwMDAwMDAwMDAwMCwidXBkYXRlIjoxODAwMDAwMDAwMDAwfX0=",
          "dependencies": [
            "azurerm_resource_group.resource-group",
            "azurerm_virtual_network.vnet",
            "random_id.resource-name"
          ]
        }
      ]
    },
    {
      "mode": "managed",
      "type": "azurerm_subnet",
      "name": "subnet",
      "provider": "provider[\"registry.terraform.io/hashicorp/azurerm\"]",
      "instances": [
        {
          "schema_version": 0,
          "attributes": {
            "address_prefixes": [
              "172.16.100.0/24"
            ],
            "delegation": [],
            "enforce_private_link_endpoint_network_policies": false,
            "enforce_private_link_service_network_policies": false,
            "id": "/subscriptions/28a1f1ee-f8c2-4cf4-84fd-eea19bbda441/resourceGroups/Snake-d8a8cd640202fe1a-RG/providers/Microsoft.Network/virtualNetworks/Snake-Vnet/subnets/SnakeSubnet",
            "name": "SnakeSubnet",
            "resource_group_name": "Snake-d8a8cd640202fe1a-RG",
            "service_endpoint_policy_ids": [],
            "service_endpoints": [],
            "timeouts": null,
            "virtual_network_name": "Snake-Vnet"
          },
          "sensitive_attributes": [],
          "private": "eyJlMmJmYjczMC1lY2FhLTExZTYtOGY4OC0zNDM2M2JjN2M0YzAiOnsiY3JlYXRlIjoxODAwMDAwMDAwMDAwLCJkZWxldGUiOjE4MDAwMDAwMDAwMDAsInJlYWQiOjMwMDAwMDAwMDAwMCwidXBkYXRlIjoxODAwMDAwMDAwMDAwfX0=",
          "dependencies": [
            "azurerm_resource_group.resource-group",
            "azurerm_virtual_network.vnet",
            "random_id.resource-name"
          ]
        }
      ]
    },
    {
      "mode": "managed",
      "type": "azurerm_virtual_network",
      "name": "vnet",
      "provider": "provider[\"registry.terraform.io/hashicorp/azurerm\"]",
      "instances": [
        {
          "schema_version": 0,
          "attributes": {
            "address_space": [
              "172.16.0.0/16"
            ],
            "bgp_community": "",
            "ddos_protection_plan": [],
            "dns_servers": [],
            "edge_zone": "",
            "flow_timeout_in_minutes": 0,
            "guid": "00c27f4e-47ac-43f2-8c97-f280542fd979",
            "id": "/subscriptions/28a1f1ee-f8c2-4cf4-84fd-eea19bbda441/resourceGroups/Snake-d8a8cd640202fe1a-RG/providers/Microsoft.Network/virtualNetworks/Snake-Vnet",
            "location": "eastus2",
            "name": "Snake-Vnet",
            "resource_group_name": "Snake-d8a8cd640202fe1a-RG",
            "subnet": [
              {
                "address_prefix": "172.16.100.0/24",
                "id": "/subscriptions/28a1f1ee-f8c2-4cf4-84fd-eea19bbda441/resourceGroups/Snake-d8a8cd640202fe1a-RG/providers/Microsoft.Network/virtualNetworks/Snake-Vnet/subnets/SnakeSubnet",
                "name": "SnakeSubnet",
                "security_group": ""
              }
            ],
            "tags": {},
            "timeouts": null
          },
          "sensitive_attributes": [],
          "private": "eyJlMmJmYjczMC1lY2FhLTExZTYtOGY4OC0zNDM2M2JjN2M0YzAiOnsiY3JlYXRlIjoxODAwMDAwMDAwMDAwLCJkZWxldGUiOjE4MDAwMDAwMDAwMDAsInJlYWQiOjMwMDAwMDAwMDAwMCwidXBkYXRlIjoxODAwMDAwMDAwMDAwfX0=",
          "dependencies": [
            "azurerm_resource_group.resource-group",
            "random_id.resource-name"
          ]
        }
      ]
    },
    {
      "mode": "managed",
      "type": "random_id",
      "name": "resource-name",
      "provider": "provider[\"registry.terraform.io/hashicorp/random\"]",
      "instances": [
        {
          "schema_version": 0,
          "attributes": {
            "b64_std": "2KjNZAIC/ho=",
            "b64_url": "2KjNZAIC_ho",
            "byte_length": 8,
            "dec": "15611953937693998618",
            "hex": "d8a8cd640202fe1a",
            "id": "2KjNZAIC_ho",
            "keepers": null,
            "prefix": null
          },
          "sensitive_attributes": []
        }
      ]
    }
  ],
  "check_results": []
}
