{
  "version": 4,
  "terraform_version": "1.3.3",
  "serial": 26,
  "lineage": "a69aed61-1854-8b06-d8c1-0cd981d177f1",
  "outputs": {
    "my_file_content": {
      "value": "1\n2\n3\n\n",
      "type": "string"
    },
    "resource-name1": {
      "value": "Mrs.dinosaur",
      "type": "string"
    }
  },
  "resources": [
    {
      "mode": "data",
      "type": "local_file",
      "name": "my_file",
      "provider": "provider[\"registry.terraform.io/hashicorp/local\"]",
      "instances": [
        {
          "schema_version": 0,
          "attributes": {
            "content": "1\n2\n3\n\n",
            "content_base64": "MQoyCjMKCg==",
            "filename": "./data-source.txt",
            "id": "c48005c01a8c83fb4d909eb42c3ddd12d24ba538"
          },
          "sensitive_attributes": []
        }
      ]
    },
    {
      "mode": "managed",
      "type": "local_file",
      "name": "NewFile",
      "provider": "provider[\"registry.terraform.io/hashicorp/local\"]",
      "instances": [
        {
          "schema_version": 0,
          "attributes": {
            "content": "The resource is Mrs.dinosaur",
            "content_base64": null,
            "directory_permission": "0777",
            "file_permission": "0777",
            "filename": "./example.txt",
            "id": "9da121056ec1f6538aed80299878dbafea0cbebd",
            "sensitive_content": null,
            "source": null
          },
          "sensitive_attributes": [],
          "private": "bnVsbA==",
          "dependencies": [
            "random_pet.my-resource"
          ],
          "create_before_destroy": true
        }
      ]
    },
    {
      "mode": "managed",
      "type": "local_file",
      "name": "second-file",
      "provider": "provider[\"registry.terraform.io/hashicorp/local\"]",
      "instances": [
        {
          "schema_version": 0,
          "attributes": {
            "content": "The resource is Mrs.dinosaur",
            "content_base64": null,
            "directory_permission": "0777",
            "file_permission": "0777",
            "filename": "./second-file.txt",
            "id": "9da121056ec1f6538aed80299878dbafea0cbebd",
            "sensitive_content": null,
            "source": null
          },
          "sensitive_attributes": [],
          "private": "bnVsbA==",
          "dependencies": [
            "random_pet.my-resource"
          ]
        }
      ]
    },
    {
      "mode": "managed",
      "type": "random_pet",
      "name": "my-resource",
      "provider": "provider[\"registry.terraform.io/hashicorp/random\"]",
      "instances": [
        {
          "schema_version": 0,
          "attributes": {
            "id": "Mrs.dinosaur",
            "keepers": null,
            "length": 1,
            "prefix": "Mrs",
            "separator": "."
          },
          "sensitive_attributes": [],
          "create_before_destroy": true
        }
      ]
    }
  ],
  "check_results": []
}
